
Microsoft Visual Studio Solution File, Format Version 12.00
Project("{2150E333-8FDC-42A3-9474-1A3956D46DE8}") = "API.Base", "API.Base", "{99D8A10C-6904-4980-A6FF-634617366823}"
ProjectSection(SolutionItems) = preProject
	API.Base\readme.md = API.Base\readme.md
EndProjectSection
EndProject
Project("{FAE04EC0-301F-11D3-BF4B-00C04F79EFBC}") = "API.StartApp", "API.StartApp\API.StartApp.csproj", "{25E68CEF-337F-49DA-BF3A-1DE3314C6C46}"
EndProject
Project("{FAE04EC0-301F-11D3-BF4B-00C04F79EFBC}") = "API.Base.Web.Base", "API.Base\API.Base.Web.Base\API.Base.Web.Base.csproj", "{FDE00F49-88D0-4670-B298-D662BA7CF880}"
EndProject
Project("{FAE04EC0-301F-11D3-BF4B-00C04F79EFBC}") = "API.Base.Logging", "API.Base\API.Base.Logging\API.Base.Logging.csproj", "{883EAA04-0121-407C-AADE-6D80C343BCB2}"
EndProject
Project("{FAE04EC0-301F-11D3-BF4B-00C04F79EFBC}") = "API.Base.Files", "API.Base\API.Base.Files\API.Base.Files.csproj", "{D9A9437F-3ED2-4D9C-AE9A-76364858AA15}"
EndProject
Project("{FAE04EC0-301F-11D3-BF4B-00C04F79EFBC}") = "API.Base.Emailing", "API.Base\API.Base.Emailing\API.Base.Emailing.csproj", "{BDF0DD87-300A-4634-A070-B53C96E0A876}"
EndProject
Project("{FAE04EC0-301F-11D3-BF4B-00C04F79EFBC}") = "API.Base.Web.Common", "API.Base\API.Base.Web.Common\API.Base.Web.Common.csproj", "{6094A4DD-5CB5-44B5-B2F5-BEDBBD2A36C6}"
EndProject
Project("{FAE04EC0-301F-11D3-BF4B-00C04F79EFBC}") = "API.Base.Web.RazorGenerator", "API.Base\API.Base.Web.RazorGenerator\API.Base.Web.RazorGenerator.csproj", "{39C80D0E-4B0C-40B2-AD0B-60928525F8AE}"
EndProject
Global
	GlobalSection(SolutionConfigurationPlatforms) = preSolution
		Debug|Any CPU = Debug|Any CPU
		Release|Any CPU = Release|Any CPU
	EndGlobalSection
	GlobalSection(ProjectConfigurationPlatforms) = postSolution
		{25E68CEF-337F-49DA-BF3A-1DE3314C6C46}.Debug|Any CPU.ActiveCfg = Debug|Any CPU
		{25E68CEF-337F-49DA-BF3A-1DE3314C6C46}.Debug|Any CPU.Build.0 = Debug|Any CPU
		{25E68CEF-337F-49DA-BF3A-1DE3314C6C46}.Release|Any CPU.ActiveCfg = Release|Any CPU
		{25E68CEF-337F-49DA-BF3A-1DE3314C6C46}.Release|Any CPU.Build.0 = Release|Any CPU
		{FDE00F49-88D0-4670-B298-D662BA7CF880}.Debug|Any CPU.ActiveCfg = Debug|Any CPU
		{FDE00F49-88D0-4670-B298-D662BA7CF880}.Debug|Any CPU.Build.0 = Debug|Any CPU
		{FDE00F49-88D0-4670-B298-D662BA7CF880}.Release|Any CPU.ActiveCfg = Release|Any CPU
		{FDE00F49-88D0-4670-B298-D662BA7CF880}.Release|Any CPU.Build.0 = Release|Any CPU
		{883EAA04-0121-407C-AADE-6D80C343BCB2}.Debug|Any CPU.ActiveCfg = Debug|Any CPU
		{883EAA04-0121-407C-AADE-6D80C343BCB2}.Debug|Any CPU.Build.0 = Debug|Any CPU
		{883EAA04-0121-407C-AADE-6D80C343BCB2}.Release|Any CPU.ActiveCfg = Release|Any CPU
		{883EAA04-0121-407C-AADE-6D80C343BCB2}.Release|Any CPU.Build.0 = Release|Any CPU
		{D9A9437F-3ED2-4D9C-AE9A-76364858AA15}.Debug|Any CPU.ActiveCfg = Debug|Any CPU
		{D9A9437F-3ED2-4D9C-AE9A-76364858AA15}.Debug|Any CPU.Build.0 = Debug|Any CPU
		{D9A9437F-3ED2-4D9C-AE9A-76364858AA15}.Release|Any CPU.ActiveCfg = Release|Any CPU
		{D9A9437F-3ED2-4D9C-AE9A-76364858AA15}.Release|Any CPU.Build.0 = Release|Any CPU
		{BDF0DD87-300A-4634-A070-B53C96E0A876}.Debug|Any CPU.ActiveCfg = Debug|Any CPU
		{BDF0DD87-300A-4634-A070-B53C96E0A876}.Debug|Any CPU.Build.0 = Debug|Any CPU
		{BDF0DD87-300A-4634-A070-B53C96E0A876}.Release|Any CPU.ActiveCfg = Release|Any CPU
		{BDF0DD87-300A-4634-A070-B53C96E0A876}.Release|Any CPU.Build.0 = Release|Any CPU
		{6094A4DD-5CB5-44B5-B2F5-BEDBBD2A36C6}.Debug|Any CPU.ActiveCfg = Debug|Any CPU
		{6094A4DD-5CB5-44B5-B2F5-BEDBBD2A36C6}.Debug|Any CPU.Build.0 = Debug|Any CPU
		{6094A4DD-5CB5-44B5-B2F5-BEDBBD2A36C6}.Release|Any CPU.ActiveCfg = Release|Any CPU
		{6094A4DD-5CB5-44B5-B2F5-BEDBBD2A36C6}.Release|Any CPU.Build.0 = Release|Any CPU
		{39C80D0E-4B0C-40B2-AD0B-60928525F8AE}.Debug|Any CPU.ActiveCfg = Debug|Any CPU
		{39C80D0E-4B0C-40B2-AD0B-60928525F8AE}.Debug|Any CPU.Build.0 = Debug|Any CPU
		{39C80D0E-4B0C-40B2-AD0B-60928525F8AE}.Release|Any CPU.ActiveCfg = Release|Any CPU
		{39C80D0E-4B0C-40B2-AD0B-60928525F8AE}.Release|Any CPU.Build.0 = Release|Any CPU
		{08F9CDDB-99C2-4491-AD1E-F1E5C9F2EC74}.Debug|Any CPU.ActiveCfg = Debug|Any CPU
		{08F9CDDB-99C2-4491-AD1E-F1E5C9F2EC74}.Debug|Any CPU.Build.0 = Debug|Any CPU
		{08F9CDDB-99C2-4491-AD1E-F1E5C9F2EC74}.Release|Any CPU.ActiveCfg = Release|Any CPU
		{08F9CDDB-99C2-4491-AD1E-F1E5C9F2EC74}.Release|Any CPU.Build.0 = Release|Any CPU
	EndGlobalSection
	GlobalSection(NestedProjects) = preSolution
		{FDE00F49-88D0-4670-B298-D662BA7CF880} = {99D8A10C-6904-4980-A6FF-634617366823}
		{883EAA04-0121-407C-AADE-6D80C343BCB2} = {99D8A10C-6904-4980-A6FF-634617366823}
		{D9A9437F-3ED2-4D9C-AE9A-76364858AA15} = {99D8A10C-6904-4980-A6FF-634617366823}
		{BDF0DD87-300A-4634-A070-B53C96E0A876} = {99D8A10C-6904-4980-A6FF-634617366823}
		{6094A4DD-5CB5-44B5-B2F5-BEDBBD2A36C6} = {99D8A10C-6904-4980-A6FF-634617366823}
		{39C80D0E-4B0C-40B2-AD0B-60928525F8AE} = {99D8A10C-6904-4980-A6FF-634617366823}
	EndGlobalSection
EndGlobal
